
Microsoft Visual Studio Solution File, Format Version 12.00
# Visual Studio 15
VisualStudioVersion = 15.0.28307.1433
MinimumVisualStudioVersion = 10.0.40219.1
Project("{FAE04EC0-301F-11D3-BF4B-00C04F79EFBC}") = "EWOPISMW", "EWOPISMW\EWOPISMW.csproj", "{0CF9CEBA-49DA-4B04-B04D-73995CAE4085}"
EndProject
Global
	GlobalSection(SolutionConfigurationPlatforms) = preSolution
		Debug|Any CPU = Debug|Any CPU
		Release|Any CPU = Release|Any CPU
	EndGlobalSection
	GlobalSection(ProjectConfigurationPlatforms) = postSolution
		{0CF9CEBA-49DA-4B04-B04D-73995CAE4085}.Debug|Any CPU.ActiveCfg = Debug|Any CPU
		{0CF9CEBA-49DA-4B04-B04D-73995CAE4085}.Debug|Any CPU.Build.0 = Debug|Any CPU
		{0CF9CEBA-49DA-4B04-B04D-73995CAE4085}.Release|Any CPU.ActiveCfg = Release|Any CPU
		{0CF9CEBA-49DA-4B04-B04D-73995CAE4085}.Release|Any CPU.Build.0 = Release|Any CPU
	EndGlobalSection
	GlobalSection(SolutionProperties) = preSolution
		HideSolutionNode = FALSE
	EndGlobalSection
	GlobalSection(ExtensibilityGlobals) = postSolution
		SolutionGuid = {5F178C1A-C254-4B98-875C-C7F8F829FA47}
	EndGlobalSection
EndGlobal
